
Microsoft Visual Studio Solution File, Format Version 12.00
# Visual Studio 14
VisualStudioVersion = 14.0.25420.1
MinimumVisualStudioVersion = 10.0.40219.1
Project("{FAE04EC0-301F-11D3-BF4B-00C04F79EFBC}") = "tsTest05", "tsTest05\tsTest05.csproj", "{81BB03CC-FB40-480B-8ACD-3F290FCE5BAE}"
EndProject
Global
	GlobalSection(SolutionConfigurationPlatforms) = preSolution
		Debug|Any CPU = Debug|Any CPU
		Release|Any CPU = Release|Any CPU
	EndGlobalSection
	GlobalSection(ProjectConfigurationPlatforms) = postSolution
		{81BB03CC-FB40-480B-8ACD-3F290FCE5BAE}.Debug|Any CPU.ActiveCfg = Debug|Any CPU
		{81BB03CC-FB40-480B-8ACD-3F290FCE5BAE}.Debug|Any CPU.Build.0 = Debug|Any CPU
		{81BB03CC-FB40-480B-8ACD-3F290FCE5BAE}.Release|Any CPU.ActiveCfg = Release|Any CPU
		{81BB03CC-FB40-480B-8ACD-3F290FCE5BAE}.Release|Any CPU.Build.0 = Release|Any CPU
	EndGlobalSection
	GlobalSection(SolutionProperties) = preSolution
		HideSolutionNode = FALSE
	EndGlobalSection
EndGlobal
